
Microsoft Visual Studio Solution File, Format Version 12.00
# Visual Studio Version 17
VisualStudioVersion = 17.11.35222.181
MinimumVisualStudioVersion = 10.0.40219.1
Project("{9A19103F-16F7-4668-BE54-9A1E7A4F7556}") = "SQLTest", "SQLTest\SQLTest.csproj", "{CFEC6E28-2C86-403B-BC1B-5ADE5D4AE10B}"
EndProject
Global
	GlobalSection(SolutionConfigurationPlatforms) = preSolution
		Debug|Any CPU = Debug|Any CPU
		Release|Any CPU = Release|Any CPU
	EndGlobalSection
	GlobalSection(ProjectConfigurationPlatforms) = postSolution
		{CFEC6E28-2C86-403B-BC1B-5ADE5D4AE10B}.Debug|Any CPU.ActiveCfg = Debug|Any CPU
		{CFEC6E28-2C86-403B-BC1B-5ADE5D4AE10B}.Debug|Any CPU.Build.0 = Debug|Any CPU
		{CFEC6E28-2C86-403B-BC1B-5ADE5D4AE10B}.Release|Any CPU.ActiveCfg = Release|Any CPU
		{CFEC6E28-2C86-403B-BC1B-5ADE5D4AE10B}.Release|Any CPU.Build.0 = Release|Any CPU
	EndGlobalSection
	GlobalSection(SolutionProperties) = preSolution
		HideSolutionNode = FALSE
	EndGlobalSection
	GlobalSection(ExtensibilityGlobals) = postSolution
		SolutionGuid = {54A71FD9-CF90-4750-8902-20FD00313ABF}
	EndGlobalSection
EndGlobal
